
Microsoft Visual Studio Solution File, Format Version 12.00
# Visual Studio Version 16
VisualStudioVersion = 16.0.31019.35
MinimumVisualStudioVersion = 10.0.40219.1
Project("{FAE04EC0-301F-11D3-BF4B-00C04F79EFBC}") = "MetLogist.Android", "MetLogist\MetLogist.Android\MetLogist.Android.csproj", "{7C95D29B-C2D2-4E84-8BC8-9EC9DDD54DA1}"
EndProject
Project("{FAE04EC0-301F-11D3-BF4B-00C04F79EFBC}") = "MetLogist", "MetLogist\MetLogist\MetLogist.csproj", "{8A8CAA36-1E63-4384-BBBE-340F31B10A47}"
EndProject
Global
	GlobalSection(SolutionConfigurationPlatforms) = preSolution
		Debug|Any CPU = Debug|Any CPU
		Release|Any CPU = Release|Any CPU
	EndGlobalSection
	GlobalSection(ProjectConfigurationPlatforms) = postSolution
		{7C95D29B-C2D2-4E84-8BC8-9EC9DDD54DA1}.Debug|Any CPU.ActiveCfg = Debug|Any CPU
		{7C95D29B-C2D2-4E84-8BC8-9EC9DDD54DA1}.Debug|Any CPU.Build.0 = Debug|Any CPU
		{7C95D29B-C2D2-4E84-8BC8-9EC9DDD54DA1}.Debug|Any CPU.Deploy.0 = Debug|Any CPU
		{7C95D29B-C2D2-4E84-8BC8-9EC9DDD54DA1}.Release|Any CPU.ActiveCfg = Release|Any CPU
		{7C95D29B-C2D2-4E84-8BC8-9EC9DDD54DA1}.Release|Any CPU.Build.0 = Release|Any CPU
		{7C95D29B-C2D2-4E84-8BC8-9EC9DDD54DA1}.Release|Any CPU.Deploy.0 = Release|Any CPU
		{8A8CAA36-1E63-4384-BBBE-340F31B10A47}.Debug|Any CPU.ActiveCfg = Debug|Any CPU
		{8A8CAA36-1E63-4384-BBBE-340F31B10A47}.Debug|Any CPU.Build.0 = Debug|Any CPU
		{8A8CAA36-1E63-4384-BBBE-340F31B10A47}.Debug|Any CPU.Deploy.0 = Debug|Any CPU
		{8A8CAA36-1E63-4384-BBBE-340F31B10A47}.Release|Any CPU.ActiveCfg = Release|Any CPU
		{8A8CAA36-1E63-4384-BBBE-340F31B10A47}.Release|Any CPU.Build.0 = Release|Any CPU
		{8A8CAA36-1E63-4384-BBBE-340F31B10A47}.Release|Any CPU.Deploy.0 = Release|Any CPU
	EndGlobalSection
	GlobalSection(SolutionProperties) = preSolution
		HideSolutionNode = FALSE
	EndGlobalSection
	GlobalSection(ExtensibilityGlobals) = postSolution
		SolutionGuid = {54391224-A861-4518-BC79-70299CA57EC7}
	EndGlobalSection
EndGlobal
